
Microsoft Visual Studio Solution File, Format Version 12.00
# Visual Studio 15
VisualStudioVersion = 15.0.28010.2048
MinimumVisualStudioVersion = 10.0.40219.1
Project("{FAE04EC0-301F-11D3-BF4B-00C04F79EFBC}") = "Pool", "Pool\Pool.csproj", "{D51FD248-BFE5-4CEA-B33D-949B71C5B1A4}"
EndProject
Global
	GlobalSection(SolutionConfigurationPlatforms) = preSolution
		Debug|Any CPU = Debug|Any CPU
		Release|Any CPU = Release|Any CPU
	EndGlobalSection
	GlobalSection(ProjectConfigurationPlatforms) = postSolution
		{D51FD248-BFE5-4CEA-B33D-949B71C5B1A4}.Debug|Any CPU.ActiveCfg = Debug|Any CPU
		{D51FD248-BFE5-4CEA-B33D-949B71C5B1A4}.Debug|Any CPU.Build.0 = Debug|Any CPU
		{D51FD248-BFE5-4CEA-B33D-949B71C5B1A4}.Release|Any CPU.ActiveCfg = Release|Any CPU
		{D51FD248-BFE5-4CEA-B33D-949B71C5B1A4}.Release|Any CPU.Build.0 = Release|Any CPU
	EndGlobalSection
	GlobalSection(SolutionProperties) = preSolution
		HideSolutionNode = FALSE
	EndGlobalSection
	GlobalSection(ExtensibilityGlobals) = postSolution
		SolutionGuid = {DCD9D17E-05C8-400F-ACE9-C11260A49846}
	EndGlobalSection
EndGlobal
